
Microsoft Visual Studio Solution File, Format Version 12.00
# Visual Studio Version 16
VisualStudioVersion = 16.0.810.0
MinimumVisualStudioVersion = 10.0.40219.1
Project("{FAE04EC0-301F-11D3-BF4B-00C04F79EFBC}") = "SmartBoat.API", "SmartBoat.API\SmartBoat.API.csproj", "{2EB590A5-A15E-41C4-A865-DB852D3AC735}"
EndProject
Project("{FAE04EC0-301F-11D3-BF4B-00C04F79EFBC}") = "SmartBoat.Infrastructure", "SmartBoat.Infrastructure\SmartBoat.Infrastructure.csproj", "{C5367C92-D2A0-4A98-99B6-A9DE1370D7D8}"
EndProject
Global
	GlobalSection(SolutionConfigurationPlatforms) = preSolution
		Debug|Any CPU = Debug|Any CPU
		Release|Any CPU = Release|Any CPU
	EndGlobalSection
	GlobalSection(ProjectConfigurationPlatforms) = postSolution
		{2EB590A5-A15E-41C4-A865-DB852D3AC735}.Debug|Any CPU.ActiveCfg = Debug|Any CPU
		{2EB590A5-A15E-41C4-A865-DB852D3AC735}.Debug|Any CPU.Build.0 = Debug|Any CPU
		{2EB590A5-A15E-41C4-A865-DB852D3AC735}.Release|Any CPU.ActiveCfg = Release|Any CPU
		{2EB590A5-A15E-41C4-A865-DB852D3AC735}.Release|Any CPU.Build.0 = Release|Any CPU
		{C5367C92-D2A0-4A98-99B6-A9DE1370D7D8}.Debug|Any CPU.ActiveCfg = Debug|Any CPU
		{C5367C92-D2A0-4A98-99B6-A9DE1370D7D8}.Debug|Any CPU.Build.0 = Debug|Any CPU
		{C5367C92-D2A0-4A98-99B6-A9DE1370D7D8}.Release|Any CPU.ActiveCfg = Release|Any CPU
		{C5367C92-D2A0-4A98-99B6-A9DE1370D7D8}.Release|Any CPU.Build.0 = Release|Any CPU
	EndGlobalSection
	GlobalSection(SolutionProperties) = preSolution
		HideSolutionNode = FALSE
	EndGlobalSection
	GlobalSection(ExtensibilityGlobals) = postSolution
		SolutionGuid = {80A9EBCC-3A95-4FD5-941C-758FE7B2DE87}
	EndGlobalSection
EndGlobal
